
Microsoft Visual Studio Solution File, Format Version 12.00
# Visual Studio Version 17
VisualStudioVersion = 17.3.32825.248
MinimumVisualStudioVersion = 10.0.40219.1
Project("{9A19103F-16F7-4668-BE54-9A1E7A4F7556}") = "BookGenerator", "RecipeBookGenerator\BookGenerator.csproj", "{DB52F83B-F81A-45B9-A907-49E6D4BBDCB8}"
EndProject
Project("{9A19103F-16F7-4668-BE54-9A1E7A4F7556}") = "BookGenerator.Library", "BookGenerator.Library\BookGenerator.Library.csproj", "{EAD72057-C24C-4736-B311-8ACF8DB83240}"
EndProject
Project("{9A19103F-16F7-4668-BE54-9A1E7A4F7556}") = "BookGenerator.Core", "BookGenerator.Core\BookGenerator.Core.csproj", "{9219727D-F566-494D-AB31-E6BD77630DB7}"
EndProject
Project("{2150E333-8FDC-42A3-9474-1A3956D46DE8}") = "Projektmappenelemente", "Projektmappenelemente", "{FC08A2EE-F59D-41AA-9E94-2DD47134353D}"
	ProjectSection(SolutionItems) = preProject
		.editorconfig = .editorconfig
	EndProjectSection
EndProject
Global
	GlobalSection(SolutionConfigurationPlatforms) = preSolution
		Debug|Any CPU = Debug|Any CPU
		Release|Any CPU = Release|Any CPU
	EndGlobalSection
	GlobalSection(ProjectConfigurationPlatforms) = postSolution
		{DB52F83B-F81A-45B9-A907-49E6D4BBDCB8}.Debug|Any CPU.ActiveCfg = Debug|Any CPU
		{DB52F83B-F81A-45B9-A907-49E6D4BBDCB8}.Debug|Any CPU.Build.0 = Debug|Any CPU
		{DB52F83B-F81A-45B9-A907-49E6D4BBDCB8}.Release|Any CPU.ActiveCfg = Release|Any CPU
		{DB52F83B-F81A-45B9-A907-49E6D4BBDCB8}.Release|Any CPU.Build.0 = Release|Any CPU
		{EAD72057-C24C-4736-B311-8ACF8DB83240}.Debug|Any CPU.ActiveCfg = Debug|Any CPU
		{EAD72057-C24C-4736-B311-8ACF8DB83240}.Debug|Any CPU.Build.0 = Debug|Any CPU
		{EAD72057-C24C-4736-B311-8ACF8DB83240}.Release|Any CPU.ActiveCfg = Release|Any CPU
		{EAD72057-C24C-4736-B311-8ACF8DB83240}.Release|Any CPU.Build.0 = Release|Any CPU
		{9219727D-F566-494D-AB31-E6BD77630DB7}.Debug|Any CPU.ActiveCfg = Debug|Any CPU
		{9219727D-F566-494D-AB31-E6BD77630DB7}.Debug|Any CPU.Build.0 = Debug|Any CPU
		{9219727D-F566-494D-AB31-E6BD77630DB7}.Release|Any CPU.ActiveCfg = Release|Any CPU
		{9219727D-F566-494D-AB31-E6BD77630DB7}.Release|Any CPU.Build.0 = Release|Any CPU
	EndGlobalSection
	GlobalSection(SolutionProperties) = preSolution
		HideSolutionNode = FALSE
	EndGlobalSection
	GlobalSection(ExtensibilityGlobals) = postSolution
		SolutionGuid = {2FC791D2-057C-43B9-8725-485CF13C7410}
	EndGlobalSection
EndGlobal
