
Microsoft Visual Studio Solution File, Format Version 12.00
# Visual Studio Version 17
VisualStudioVersion = 17.3.32825.248
MinimumVisualStudioVersion = 10.0.40219.1
Project("{2150E333-8FDC-42A3-9474-1A3956D46DE8}") = "Projektmappenelemente", "Projektmappenelemente", "{FC08A2EE-F59D-41AA-9E94-2DD47134353D}"
	ProjectSection(SolutionItems) = preProject
		.editorconfig = .editorconfig
	EndProjectSection
EndProject
Project("{9A19103F-16F7-4668-BE54-9A1E7A4F7556}") = "Darlek.Library", "Darlek.Library\Darlek.Library.csproj", "{CEF0ABB3-7646-4105-9649-159688B28631}"
EndProject
Project("{9A19103F-16F7-4668-BE54-9A1E7A4F7556}") = "Darlek.Core", "Darlek.Core\Darlek.Core.csproj", "{E8195A91-9723-4FC2-898F-69570ADFFA90}"
EndProject
Project("{9A19103F-16F7-4668-BE54-9A1E7A4F7556}") = "Darlek", "Darlek\Darlek.csproj", "{5C885769-1B32-43D4-9144-C51059B8C1E7}"
EndProject
Global
	GlobalSection(SolutionConfigurationPlatforms) = preSolution
		Debug|Any CPU = Debug|Any CPU
		Release|Any CPU = Release|Any CPU
	EndGlobalSection
	GlobalSection(ProjectConfigurationPlatforms) = postSolution
		{CEF0ABB3-7646-4105-9649-159688B28631}.Debug|Any CPU.ActiveCfg = Debug|Any CPU
		{CEF0ABB3-7646-4105-9649-159688B28631}.Debug|Any CPU.Build.0 = Debug|Any CPU
		{CEF0ABB3-7646-4105-9649-159688B28631}.Release|Any CPU.ActiveCfg = Release|Any CPU
		{CEF0ABB3-7646-4105-9649-159688B28631}.Release|Any CPU.Build.0 = Release|Any CPU
		{E8195A91-9723-4FC2-898F-69570ADFFA90}.Debug|Any CPU.ActiveCfg = Debug|Any CPU
		{E8195A91-9723-4FC2-898F-69570ADFFA90}.Debug|Any CPU.Build.0 = Debug|Any CPU
		{E8195A91-9723-4FC2-898F-69570ADFFA90}.Release|Any CPU.ActiveCfg = Release|Any CPU
		{E8195A91-9723-4FC2-898F-69570ADFFA90}.Release|Any CPU.Build.0 = Release|Any CPU
		{5C885769-1B32-43D4-9144-C51059B8C1E7}.Debug|Any CPU.ActiveCfg = Debug|Any CPU
		{5C885769-1B32-43D4-9144-C51059B8C1E7}.Debug|Any CPU.Build.0 = Debug|Any CPU
		{5C885769-1B32-43D4-9144-C51059B8C1E7}.Release|Any CPU.ActiveCfg = Release|Any CPU
		{5C885769-1B32-43D4-9144-C51059B8C1E7}.Release|Any CPU.Build.0 = Release|Any CPU
	EndGlobalSection
	GlobalSection(SolutionProperties) = preSolution
		HideSolutionNode = FALSE
	EndGlobalSection
	GlobalSection(ExtensibilityGlobals) = postSolution
		SolutionGuid = {2FC791D2-057C-43B9-8725-485CF13C7410}
	EndGlobalSection
EndGlobal
